
Microsoft Visual Studio Solution File, Format Version 12.00
# Visual Studio Version 17
VisualStudioVersion = 17.8.34316.72
MinimumVisualStudioVersion = 10.0.40219.1
Project("{FAE04EC0-301F-11D3-BF4B-00C04F79EFBC}") = "Simple.MartenDb.API", "Simple.MartenDb.API\Simple.MartenDb.API.csproj", "{26A4BC81-EA26-423C-9A08-AFB36E679B95}"
EndProject
Global
	GlobalSection(SolutionConfigurationPlatforms) = preSolution
		Debug|Any CPU = Debug|Any CPU
		Release|Any CPU = Release|Any CPU
	EndGlobalSection
	GlobalSection(ProjectConfigurationPlatforms) = postSolution
		{26A4BC81-EA26-423C-9A08-AFB36E679B95}.Debug|Any CPU.ActiveCfg = Debug|Any CPU
		{26A4BC81-EA26-423C-9A08-AFB36E679B95}.Debug|Any CPU.Build.0 = Debug|Any CPU
		{26A4BC81-EA26-423C-9A08-AFB36E679B95}.Release|Any CPU.ActiveCfg = Release|Any CPU
		{26A4BC81-EA26-423C-9A08-AFB36E679B95}.Release|Any CPU.Build.0 = Release|Any CPU
	EndGlobalSection
	GlobalSection(SolutionProperties) = preSolution
		HideSolutionNode = FALSE
	EndGlobalSection
	GlobalSection(ExtensibilityGlobals) = postSolution
		SolutionGuid = {94ADD67E-967C-49BF-ADD8-CEF8B8D04865}
	EndGlobalSection
EndGlobal
